
Microsoft Visual Studio Solution File, Format Version 12.00
# Visual Studio Version 17
VisualStudioVersion = 17.8.34408.163
MinimumVisualStudioVersion = 10.0.40219.1
Project("{FAE04EC0-301F-11D3-BF4B-00C04F79EFBC}") = "Exam13", "Exam13\Exam13.csproj", "{62959FE0-1D7E-4667-BCC9-1E25FFB50BCE}"
EndProject
Global
	GlobalSection(SolutionConfigurationPlatforms) = preSolution
		Debug|Any CPU = Debug|Any CPU
		Release|Any CPU = Release|Any CPU
	EndGlobalSection
	GlobalSection(ProjectConfigurationPlatforms) = postSolution
		{62959FE0-1D7E-4667-BCC9-1E25FFB50BCE}.Debug|Any CPU.ActiveCfg = Debug|Any CPU
		{62959FE0-1D7E-4667-BCC9-1E25FFB50BCE}.Debug|Any CPU.Build.0 = Debug|Any CPU
		{62959FE0-1D7E-4667-BCC9-1E25FFB50BCE}.Release|Any CPU.ActiveCfg = Release|Any CPU
		{62959FE0-1D7E-4667-BCC9-1E25FFB50BCE}.Release|Any CPU.Build.0 = Release|Any CPU
	EndGlobalSection
	GlobalSection(SolutionProperties) = preSolution
		HideSolutionNode = FALSE
	EndGlobalSection
	GlobalSection(ExtensibilityGlobals) = postSolution
		SolutionGuid = {19611310-ABAE-4243-8F6C-B479F1BEE26B}
	EndGlobalSection
EndGlobal
